
Microsoft Visual Studio Solution File, Format Version 12.00
# Visual Studio Version 17
VisualStudioVersion = 17.3.32819.101
MinimumVisualStudioVersion = 10.0.40219.1
Project("{2150E333-8FDC-42A3-9474-1A3956D46DE8}") = "ENVIRONMENT", "ENVIRONMENT", "{20DCE25B-EBC0-4A68-97EF-001EEF70000E}"
	ProjectSection(SolutionItems) = preProject
		..\.gitignore = ..\.gitignore
	EndProjectSection
EndProject
Project("{2150E333-8FDC-42A3-9474-1A3956D46DE8}") = "DEPLOYMENT", "DEPLOYMENT", "{9A138A2C-4DDC-4A6D-AEAB-0C9DEF05180F}"
	ProjectSection(SolutionItems) = preProject
		..\.github\workflows\_readme.md = ..\.github\workflows\_readme.md
	EndProjectSection
EndProject
Project("{2150E333-8FDC-42A3-9474-1A3956D46DE8}") = "ABOUT", "ABOUT", "{A62B2C0C-C512-4283-AA64-DFECA1C16239}"
	ProjectSection(SolutionItems) = preProject
		..\readme.md = ..\readme.md
	EndProjectSection
EndProject
Project("{2150E333-8FDC-42A3-9474-1A3956D46DE8}") = "CONFIGURATION", "CONFIGURATION", "{1D7BCCF4-2C19-451C-A3A4-218DCDFF872B}"
	ProjectSection(SolutionItems) = preProject
		00.Scripts\post-build.ps1 = 00.Scripts\post-build.ps1
	EndProjectSection
EndProject
Project("{FAE04EC0-301F-11D3-BF4B-00C04F79EFBC}") = "App.Modules.Sys.Application", "App.Modules.Sys.Application\App.Modules.Sys.Application.csproj", "{21355EBB-5B4F-4527-8F99-774FB92C7A01}"
EndProject
Project("{FAE04EC0-301F-11D3-BF4B-00C04F79EFBC}") = "App.Modules.Sys.Domain", "App.Modules.Sys.Domain\App.Modules.Sys.Domain.csproj", "{AF70D633-F19D-4DC7-89BE-0E364D545E45}"
EndProject
Project("{FAE04EC0-301F-11D3-BF4B-00C04F79EFBC}") = "App.Modules.Sys.Substrate.Contracts", "App.Modules.Sys.Substrate.Contracts\App.Modules.Sys.Substrate.Contracts.csproj", "{D82A0192-F118-4DA7-ADC3-DDDC56F007DE}"
EndProject
Project("{FAE04EC0-301F-11D3-BF4B-00C04F79EFBC}") = "App.Modules.Sys.Substrate", "App.Modules.Sys.Substrate\App.Modules.Sys.Substrate.csproj", "{13C2E62B-A9F9-4C9B-8D45-F5F681F60DDA}"
EndProject
Project("{FAE04EC0-301F-11D3-BF4B-00C04F79EFBC}") = "App.Modules.Sys.Infrastructure", "App.Modules.Sys.Infrastructure\App.Modules.Sys.Infrastructure.csproj", "{0566D986-4A4B-40BE-98FF-F210FB53E5EE}"
EndProject
Project("{FAE04EC0-301F-11D3-BF4B-00C04F79EFBC}") = "App.Modules.Sys.Interfaces.Models", "App.Modules.Sys.Interfaces.Models\App.Modules.Sys.Interfaces.Models.csproj", "{0B4A79D5-D082-4669-A8F5-F6F5E8F38989}"
EndProject
Project("{FAE04EC0-301F-11D3-BF4B-00C04F79EFBC}") = "App.Modules.Sys.Infrastructure.Data.EF", "App.Modules.Sys.Infrastructure.Data.EF\App.Modules.Sys.Infrastructure.Data.EF.csproj", "{74D76BA2-FCEF-45DC-83D1-7FEF65CCA910}"
EndProject
Project("{FAE04EC0-301F-11D3-BF4B-00C04F79EFBC}") = "App.Modules.Sys.Infrastructure.IoC.Autofac", "App.Modules.Sys.Infrastructure.IoC.Autofac\App.Modules.Sys.Infrastructure.IoC.Autofac.csproj", "{DB14426F-78C3-48E5-893A-A07456E79310}"
EndProject
Project("{FAE04EC0-301F-11D3-BF4B-00C04F79EFBC}") = "App.Modules.Sys.Infrastructure.IoC.Lamar", "App.Modules.Sys.Infrastructure.IoC.Lamar\App.Modules.Sys.Infrastructure.IoC.Lamar.csproj", "{B46FE5D5-238D-4C3D-A927-0B1EEA981E3D}"
EndProject
Project("{FAE04EC0-301F-11D3-BF4B-00C04F79EFBC}") = "App.Modules.Sys.Infrastructure.IoC.StructureMap", "App.Modules.Sys.Infrastructure.IoC.StructureMap\App.Modules.Sys.Infrastructure.IoC.StructureMap.csproj", "{9657D3FB-A0EE-48F4-A356-C302234ED14C}"
EndProject
Project("{FAE04EC0-301F-11D3-BF4B-00C04F79EFBC}") = "App.Modules.Sys.Infrastructure.Services.AWS", "App.Modules.Sys.Infrastructure.Services.AWS\App.Modules.Sys.Infrastructure.Services.AWS.csproj", "{7FD04E13-BE70-40CE-A634-EB14F1EAFB0D}"
EndProject
Project("{FAE04EC0-301F-11D3-BF4B-00C04F79EFBC}") = "App.Modules.Sys.Infrastructure.Services.Azure", "App.Modules.Sys.Infrastructure.Services.Azure\App.Modules.Sys.Infrastructure.Services.Azure.csproj", "{B6037FAD-95D9-432D-9D6B-BDB20849DB99}"
EndProject
Project("{FAE04EC0-301F-11D3-BF4B-00C04F79EFBC}") = "App.Modules.Sys.Interfaces.API.GraphQL", "App.Modules.Sys.Interfaces.API.GraphQL\App.Modules.Sys.Interfaces.API.GraphQL.csproj", "{E6684938-211B-493A-8824-7926EA1CA277}"
EndProject
Project("{FAE04EC0-301F-11D3-BF4B-00C04F79EFBC}") = "App.Modules.Sys.Interfaces.API.ODATA", "App.Modules.Sys.Interfaces.API.ODATA\App.Modules.Sys.Interfaces.API.ODATA.csproj", "{42DA45CB-A85B-48D1-B7A3-B08D42D4701B}"
EndProject
Project("{FAE04EC0-301F-11D3-BF4B-00C04F79EFBC}") = "App.Modules.Sys.Interfaces.API.REST", "App.Modules.Sys.Interfaces.API.REST\App.Modules.Sys.Interfaces.API.REST.csproj", "{3A90E69D-2C37-48AF-8B80-B93C8D50058B}"
EndProject
Project("{FAE04EC0-301F-11D3-BF4B-00C04F79EFBC}") = "App.Modules.Sys.Interfaces.UI.Web", "App.Modules.Sys.Interfaces.UI.Web\App.Modules.Sys.Interfaces.UI.Web.csproj", "{455A48C4-DEA2-40D3-9DCB-F88C076A5152}"
EndProject
Global
	GlobalSection(SolutionConfigurationPlatforms) = preSolution
		Debug|Any CPU = Debug|Any CPU
		Debug|x64 = Debug|x64
		Debug|x86 = Debug|x86
		Release|Any CPU = Release|Any CPU
		Release|x64 = Release|x64
		Release|x86 = Release|x86
	EndGlobalSection
	GlobalSection(ProjectConfigurationPlatforms) = postSolution
		{21355EBB-5B4F-4527-8F99-774FB92C7A01}.Debug|Any CPU.ActiveCfg = Debug|Any CPU
		{21355EBB-5B4F-4527-8F99-774FB92C7A01}.Debug|Any CPU.Build.0 = Debug|Any CPU
		{21355EBB-5B4F-4527-8F99-774FB92C7A01}.Debug|x64.ActiveCfg = Debug|Any CPU
		{21355EBB-5B4F-4527-8F99-774FB92C7A01}.Debug|x64.Build.0 = Debug|Any CPU
		{21355EBB-5B4F-4527-8F99-774FB92C7A01}.Debug|x86.ActiveCfg = Debug|Any CPU
		{21355EBB-5B4F-4527-8F99-774FB92C7A01}.Debug|x86.Build.0 = Debug|Any CPU
		{21355EBB-5B4F-4527-8F99-774FB92C7A01}.Release|Any CPU.ActiveCfg = Release|Any CPU
		{21355EBB-5B4F-4527-8F99-774FB92C7A01}.Release|Any CPU.Build.0 = Release|Any CPU
		{21355EBB-5B4F-4527-8F99-774FB92C7A01}.Release|x64.ActiveCfg = Release|Any CPU
		{21355EBB-5B4F-4527-8F99-774FB92C7A01}.Release|x64.Build.0 = Release|Any CPU
		{21355EBB-5B4F-4527-8F99-774FB92C7A01}.Release|x86.ActiveCfg = Release|Any CPU
		{21355EBB-5B4F-4527-8F99-774FB92C7A01}.Release|x86.Build.0 = Release|Any CPU
		{AF70D633-F19D-4DC7-89BE-0E364D545E45}.Debug|Any CPU.ActiveCfg = Debug|Any CPU
		{AF70D633-F19D-4DC7-89BE-0E364D545E45}.Debug|Any CPU.Build.0 = Debug|Any CPU
		{AF70D633-F19D-4DC7-89BE-0E364D545E45}.Debug|x64.ActiveCfg = Debug|Any CPU
		{AF70D633-F19D-4DC7-89BE-0E364D545E45}.Debug|x64.Build.0 = Debug|Any CPU
		{AF70D633-F19D-4DC7-89BE-0E364D545E45}.Debug|x86.ActiveCfg = Debug|Any CPU
		{AF70D633-F19D-4DC7-89BE-0E364D545E45}.Debug|x86.Build.0 = Debug|Any CPU
		{AF70D633-F19D-4DC7-89BE-0E364D545E45}.Release|Any CPU.ActiveCfg = Release|Any CPU
		{AF70D633-F19D-4DC7-89BE-0E364D545E45}.Release|Any CPU.Build.0 = Release|Any CPU
		{AF70D633-F19D-4DC7-89BE-0E364D545E45}.Release|x64.ActiveCfg = Release|Any CPU
		{AF70D633-F19D-4DC7-89BE-0E364D545E45}.Release|x64.Build.0 = Release|Any CPU
		{AF70D633-F19D-4DC7-89BE-0E364D545E45}.Release|x86.ActiveCfg = Release|Any CPU
		{AF70D633-F19D-4DC7-89BE-0E364D545E45}.Release|x86.Build.0 = Release|Any CPU
		{D82A0192-F118-4DA7-ADC3-DDDC56F007DE}.Debug|Any CPU.ActiveCfg = Debug|Any CPU
		{D82A0192-F118-4DA7-ADC3-DDDC56F007DE}.Debug|Any CPU.Build.0 = Debug|Any CPU
		{D82A0192-F118-4DA7-ADC3-DDDC56F007DE}.Debug|x64.ActiveCfg = Debug|Any CPU
		{D82A0192-F118-4DA7-ADC3-DDDC56F007DE}.Debug|x64.Build.0 = Debug|Any CPU
		{D82A0192-F118-4DA7-ADC3-DDDC56F007DE}.Debug|x86.ActiveCfg = Debug|Any CPU
		{D82A0192-F118-4DA7-ADC3-DDDC56F007DE}.Debug|x86.Build.0 = Debug|Any CPU
		{D82A0192-F118-4DA7-ADC3-DDDC56F007DE}.Release|Any CPU.ActiveCfg = Release|Any CPU
		{D82A0192-F118-4DA7-ADC3-DDDC56F007DE}.Release|Any CPU.Build.0 = Release|Any CPU
		{D82A0192-F118-4DA7-ADC3-DDDC56F007DE}.Release|x64.ActiveCfg = Release|Any CPU
		{D82A0192-F118-4DA7-ADC3-DDDC56F007DE}.Release|x64.Build.0 = Release|Any CPU
		{D82A0192-F118-4DA7-ADC3-DDDC56F007DE}.Release|x86.ActiveCfg = Release|Any CPU
		{D82A0192-F118-4DA7-ADC3-DDDC56F007DE}.Release|x86.Build.0 = Release|Any CPU
		{13C2E62B-A9F9-4C9B-8D45-F5F681F60DDA}.Debug|Any CPU.ActiveCfg = Debug|Any CPU
		{13C2E62B-A9F9-4C9B-8D45-F5F681F60DDA}.Debug|Any CPU.Build.0 = Debug|Any CPU
		{13C2E62B-A9F9-4C9B-8D45-F5F681F60DDA}.Debug|x64.ActiveCfg = Debug|Any CPU
		{13C2E62B-A9F9-4C9B-8D45-F5F681F60DDA}.Debug|x64.Build.0 = Debug|Any CPU
		{13C2E62B-A9F9-4C9B-8D45-F5F681F60DDA}.Debug|x86.ActiveCfg = Debug|Any CPU
		{13C2E62B-A9F9-4C9B-8D45-F5F681F60DDA}.Debug|x86.Build.0 = Debug|Any CPU
		{13C2E62B-A9F9-4C9B-8D45-F5F681F60DDA}.Release|Any CPU.ActiveCfg = Release|Any CPU
		{13C2E62B-A9F9-4C9B-8D45-F5F681F60DDA}.Release|Any CPU.Build.0 = Release|Any CPU
		{13C2E62B-A9F9-4C9B-8D45-F5F681F60DDA}.Release|x64.ActiveCfg = Release|Any CPU
		{13C2E62B-A9F9-4C9B-8D45-F5F681F60DDA}.Release|x64.Build.0 = Release|Any CPU
		{13C2E62B-A9F9-4C9B-8D45-F5F681F60DDA}.Release|x86.ActiveCfg = Release|Any CPU
		{13C2E62B-A9F9-4C9B-8D45-F5F681F60DDA}.Release|x86.Build.0 = Release|Any CPU
		{0566D986-4A4B-40BE-98FF-F210FB53E5EE}.Debug|Any CPU.ActiveCfg = Debug|Any CPU
		{0566D986-4A4B-40BE-98FF-F210FB53E5EE}.Debug|Any CPU.Build.0 = Debug|Any CPU
		{0566D986-4A4B-40BE-98FF-F210FB53E5EE}.Debug|x64.ActiveCfg = Debug|Any CPU
		{0566D986-4A4B-40BE-98FF-F210FB53E5EE}.Debug|x64.Build.0 = Debug|Any CPU
		{0566D986-4A4B-40BE-98FF-F210FB53E5EE}.Debug|x86.ActiveCfg = Debug|Any CPU
		{0566D986-4A4B-40BE-98FF-F210FB53E5EE}.Debug|x86.Build.0 = Debug|Any CPU
		{0566D986-4A4B-40BE-98FF-F210FB53E5EE}.Release|Any CPU.ActiveCfg = Release|Any CPU
		{0566D986-4A4B-40BE-98FF-F210FB53E5EE}.Release|Any CPU.Build.0 = Release|Any CPU
		{0566D986-4A4B-40BE-98FF-F210FB53E5EE}.Release|x64.ActiveCfg = Release|Any CPU
		{0566D986-4A4B-40BE-98FF-F210FB53E5EE}.Release|x64.Build.0 = Release|Any CPU
		{0566D986-4A4B-40BE-98FF-F210FB53E5EE}.Release|x86.ActiveCfg = Release|Any CPU
		{0566D986-4A4B-40BE-98FF-F210FB53E5EE}.Release|x86.Build.0 = Release|Any CPU
		{0B4A79D5-D082-4669-A8F5-F6F5E8F38989}.Debug|Any CPU.ActiveCfg = Debug|Any CPU
		{0B4A79D5-D082-4669-A8F5-F6F5E8F38989}.Debug|Any CPU.Build.0 = Debug|Any CPU
		{0B4A79D5-D082-4669-A8F5-F6F5E8F38989}.Debug|x64.ActiveCfg = Debug|Any CPU
		{0B4A79D5-D082-4669-A8F5-F6F5E8F38989}.Debug|x64.Build.0 = Debug|Any CPU
		{0B4A79D5-D082-4669-A8F5-F6F5E8F38989}.Debug|x86.ActiveCfg = Debug|Any CPU
		{0B4A79D5-D082-4669-A8F5-F6F5E8F38989}.Debug|x86.Build.0 = Debug|Any CPU
		{0B4A79D5-D082-4669-A8F5-F6F5E8F38989}.Release|Any CPU.ActiveCfg = Release|Any CPU
		{0B4A79D5-D082-4669-A8F5-F6F5E8F38989}.Release|Any CPU.Build.0 = Release|Any CPU
		{0B4A79D5-D082-4669-A8F5-F6F5E8F38989}.Release|x64.ActiveCfg = Release|Any CPU
		{0B4A79D5-D082-4669-A8F5-F6F5E8F38989}.Release|x64.Build.0 = Release|Any CPU
		{0B4A79D5-D082-4669-A8F5-F6F5E8F38989}.Release|x86.ActiveCfg = Release|Any CPU
		{0B4A79D5-D082-4669-A8F5-F6F5E8F38989}.Release|x86.Build.0 = Release|Any CPU
		{74D76BA2-FCEF-45DC-83D1-7FEF65CCA910}.Debug|Any CPU.ActiveCfg = Debug|Any CPU
		{74D76BA2-FCEF-45DC-83D1-7FEF65CCA910}.Debug|Any CPU.Build.0 = Debug|Any CPU
		{74D76BA2-FCEF-45DC-83D1-7FEF65CCA910}.Debug|x64.ActiveCfg = Debug|Any CPU
		{74D76BA2-FCEF-45DC-83D1-7FEF65CCA910}.Debug|x64.Build.0 = Debug|Any CPU
		{74D76BA2-FCEF-45DC-83D1-7FEF65CCA910}.Debug|x86.ActiveCfg = Debug|Any CPU
		{74D76BA2-FCEF-45DC-83D1-7FEF65CCA910}.Debug|x86.Build.0 = Debug|Any CPU
		{74D76BA2-FCEF-45DC-83D1-7FEF65CCA910}.Release|Any CPU.ActiveCfg = Release|Any CPU
		{74D76BA2-FCEF-45DC-83D1-7FEF65CCA910}.Release|Any CPU.Build.0 = Release|Any CPU
		{74D76BA2-FCEF-45DC-83D1-7FEF65CCA910}.Release|x64.ActiveCfg = Release|Any CPU
		{74D76BA2-FCEF-45DC-83D1-7FEF65CCA910}.Release|x64.Build.0 = Release|Any CPU
		{74D76BA2-FCEF-45DC-83D1-7FEF65CCA910}.Release|x86.ActiveCfg = Release|Any CPU
		{74D76BA2-FCEF-45DC-83D1-7FEF65CCA910}.Release|x86.Build.0 = Release|Any CPU
		{DB14426F-78C3-48E5-893A-A07456E79310}.Debug|Any CPU.ActiveCfg = Debug|Any CPU
		{DB14426F-78C3-48E5-893A-A07456E79310}.Debug|Any CPU.Build.0 = Debug|Any CPU
		{DB14426F-78C3-48E5-893A-A07456E79310}.Debug|x64.ActiveCfg = Debug|Any CPU
		{DB14426F-78C3-48E5-893A-A07456E79310}.Debug|x64.Build.0 = Debug|Any CPU
		{DB14426F-78C3-48E5-893A-A07456E79310}.Debug|x86.ActiveCfg = Debug|Any CPU
		{DB14426F-78C3-48E5-893A-A07456E79310}.Debug|x86.Build.0 = Debug|Any CPU
		{DB14426F-78C3-48E5-893A-A07456E79310}.Release|Any CPU.ActiveCfg = Release|Any CPU
		{DB14426F-78C3-48E5-893A-A07456E79310}.Release|Any CPU.Build.0 = Release|Any CPU
		{DB14426F-78C3-48E5-893A-A07456E79310}.Release|x64.ActiveCfg = Release|Any CPU
		{DB14426F-78C3-48E5-893A-A07456E79310}.Release|x64.Build.0 = Release|Any CPU
		{DB14426F-78C3-48E5-893A-A07456E79310}.Release|x86.ActiveCfg = Release|Any CPU
		{DB14426F-78C3-48E5-893A-A07456E79310}.Release|x86.Build.0 = Release|Any CPU
		{B46FE5D5-238D-4C3D-A927-0B1EEA981E3D}.Debug|Any CPU.ActiveCfg = Debug|Any CPU
		{B46FE5D5-238D-4C3D-A927-0B1EEA981E3D}.Debug|Any CPU.Build.0 = Debug|Any CPU
		{B46FE5D5-238D-4C3D-A927-0B1EEA981E3D}.Debug|x64.ActiveCfg = Debug|Any CPU
		{B46FE5D5-238D-4C3D-A927-0B1EEA981E3D}.Debug|x64.Build.0 = Debug|Any CPU
		{B46FE5D5-238D-4C3D-A927-0B1EEA981E3D}.Debug|x86.ActiveCfg = Debug|Any CPU
		{B46FE5D5-238D-4C3D-A927-0B1EEA981E3D}.Debug|x86.Build.0 = Debug|Any CPU
		{B46FE5D5-238D-4C3D-A927-0B1EEA981E3D}.Release|Any CPU.ActiveCfg = Release|Any CPU
		{B46FE5D5-238D-4C3D-A927-0B1EEA981E3D}.Release|Any CPU.Build.0 = Release|Any CPU
		{B46FE5D5-238D-4C3D-A927-0B1EEA981E3D}.Release|x64.ActiveCfg = Release|Any CPU
		{B46FE5D5-238D-4C3D-A927-0B1EEA981E3D}.Release|x64.Build.0 = Release|Any CPU
		{B46FE5D5-238D-4C3D-A927-0B1EEA981E3D}.Release|x86.ActiveCfg = Release|Any CPU
		{B46FE5D5-238D-4C3D-A927-0B1EEA981E3D}.Release|x86.Build.0 = Release|Any CPU
		{9657D3FB-A0EE-48F4-A356-C302234ED14C}.Debug|Any CPU.ActiveCfg = Debug|Any CPU
		{9657D3FB-A0EE-48F4-A356-C302234ED14C}.Debug|Any CPU.Build.0 = Debug|Any CPU
		{9657D3FB-A0EE-48F4-A356-C302234ED14C}.Debug|x64.ActiveCfg = Debug|Any CPU
		{9657D3FB-A0EE-48F4-A356-C302234ED14C}.Debug|x64.Build.0 = Debug|Any CPU
		{9657D3FB-A0EE-48F4-A356-C302234ED14C}.Debug|x86.ActiveCfg = Debug|Any CPU
		{9657D3FB-A0EE-48F4-A356-C302234ED14C}.Debug|x86.Build.0 = Debug|Any CPU
		{9657D3FB-A0EE-48F4-A356-C302234ED14C}.Release|Any CPU.ActiveCfg = Release|Any CPU
		{9657D3FB-A0EE-48F4-A356-C302234ED14C}.Release|Any CPU.Build.0 = Release|Any CPU
		{9657D3FB-A0EE-48F4-A356-C302234ED14C}.Release|x64.ActiveCfg = Release|Any CPU
		{9657D3FB-A0EE-48F4-A356-C302234ED14C}.Release|x64.Build.0 = Release|Any CPU
		{9657D3FB-A0EE-48F4-A356-C302234ED14C}.Release|x86.ActiveCfg = Release|Any CPU
		{9657D3FB-A0EE-48F4-A356-C302234ED14C}.Release|x86.Build.0 = Release|Any CPU
		{7FD04E13-BE70-40CE-A634-EB14F1EAFB0D}.Debug|Any CPU.ActiveCfg = Debug|Any CPU
		{7FD04E13-BE70-40CE-A634-EB14F1EAFB0D}.Debug|Any CPU.Build.0 = Debug|Any CPU
		{7FD04E13-BE70-40CE-A634-EB14F1EAFB0D}.Debug|x64.ActiveCfg = Debug|Any CPU
		{7FD04E13-BE70-40CE-A634-EB14F1EAFB0D}.Debug|x64.Build.0 = Debug|Any CPU
		{7FD04E13-BE70-40CE-A634-EB14F1EAFB0D}.Debug|x86.ActiveCfg = Debug|Any CPU
		{7FD04E13-BE70-40CE-A634-EB14F1EAFB0D}.Debug|x86.Build.0 = Debug|Any CPU
		{7FD04E13-BE70-40CE-A634-EB14F1EAFB0D}.Release|Any CPU.ActiveCfg = Release|Any CPU
		{7FD04E13-BE70-40CE-A634-EB14F1EAFB0D}.Release|Any CPU.Build.0 = Release|Any CPU
		{7FD04E13-BE70-40CE-A634-EB14F1EAFB0D}.Release|x64.ActiveCfg = Release|Any CPU
		{7FD04E13-BE70-40CE-A634-EB14F1EAFB0D}.Release|x64.Build.0 = Release|Any CPU
		{7FD04E13-BE70-40CE-A634-EB14F1EAFB0D}.Release|x86.ActiveCfg = Release|Any CPU
		{7FD04E13-BE70-40CE-A634-EB14F1EAFB0D}.Release|x86.Build.0 = Release|Any CPU
		{B6037FAD-95D9-432D-9D6B-BDB20849DB99}.Debug|Any CPU.ActiveCfg = Debug|Any CPU
		{B6037FAD-95D9-432D-9D6B-BDB20849DB99}.Debug|Any CPU.Build.0 = Debug|Any CPU
		{B6037FAD-95D9-432D-9D6B-BDB20849DB99}.Debug|x64.ActiveCfg = Debug|Any CPU
		{B6037FAD-95D9-432D-9D6B-BDB20849DB99}.Debug|x64.Build.0 = Debug|Any CPU
		{B6037FAD-95D9-432D-9D6B-BDB20849DB99}.Debug|x86.ActiveCfg = Debug|Any CPU
		{B6037FAD-95D9-432D-9D6B-BDB20849DB99}.Debug|x86.Build.0 = Debug|Any CPU
		{B6037FAD-95D9-432D-9D6B-BDB20849DB99}.Release|Any CPU.ActiveCfg = Release|Any CPU
		{B6037FAD-95D9-432D-9D6B-BDB20849DB99}.Release|Any CPU.Build.0 = Release|Any CPU
		{B6037FAD-95D9-432D-9D6B-BDB20849DB99}.Release|x64.ActiveCfg = Release|Any CPU
		{B6037FAD-95D9-432D-9D6B-BDB20849DB99}.Release|x64.Build.0 = Release|Any CPU
		{B6037FAD-95D9-432D-9D6B-BDB20849DB99}.Release|x86.ActiveCfg = Release|Any CPU
		{B6037FAD-95D9-432D-9D6B-BDB20849DB99}.Release|x86.Build.0 = Release|Any CPU
		{E6684938-211B-493A-8824-7926EA1CA277}.Debug|Any CPU.ActiveCfg = Debug|Any CPU
		{E6684938-211B-493A-8824-7926EA1CA277}.Debug|Any CPU.Build.0 = Debug|Any CPU
		{E6684938-211B-493A-8824-7926EA1CA277}.Debug|x64.ActiveCfg = Debug|Any CPU
		{E6684938-211B-493A-8824-7926EA1CA277}.Debug|x64.Build.0 = Debug|Any CPU
		{E6684938-211B-493A-8824-7926EA1CA277}.Debug|x86.ActiveCfg = Debug|Any CPU
		{E6684938-211B-493A-8824-7926EA1CA277}.Debug|x86.Build.0 = Debug|Any CPU
		{E6684938-211B-493A-8824-7926EA1CA277}.Release|Any CPU.ActiveCfg = Release|Any CPU
		{E6684938-211B-493A-8824-7926EA1CA277}.Release|Any CPU.Build.0 = Release|Any CPU
		{E6684938-211B-493A-8824-7926EA1CA277}.Release|x64.ActiveCfg = Release|Any CPU
		{E6684938-211B-493A-8824-7926EA1CA277}.Release|x64.Build.0 = Release|Any CPU
		{E6684938-211B-493A-8824-7926EA1CA277}.Release|x86.ActiveCfg = Release|Any CPU
		{E6684938-211B-493A-8824-7926EA1CA277}.Release|x86.Build.0 = Release|Any CPU
		{42DA45CB-A85B-48D1-B7A3-B08D42D4701B}.Debug|Any CPU.ActiveCfg = Debug|Any CPU
		{42DA45CB-A85B-48D1-B7A3-B08D42D4701B}.Debug|Any CPU.Build.0 = Debug|Any CPU
		{42DA45CB-A85B-48D1-B7A3-B08D42D4701B}.Debug|x64.ActiveCfg = Debug|Any CPU
		{42DA45CB-A85B-48D1-B7A3-B08D42D4701B}.Debug|x64.Build.0 = Debug|Any CPU
		{42DA45CB-A85B-48D1-B7A3-B08D42D4701B}.Debug|x86.ActiveCfg = Debug|Any CPU
		{42DA45CB-A85B-48D1-B7A3-B08D42D4701B}.Debug|x86.Build.0 = Debug|Any CPU
		{42DA45CB-A85B-48D1-B7A3-B08D42D4701B}.Release|Any CPU.ActiveCfg = Release|Any CPU
		{42DA45CB-A85B-48D1-B7A3-B08D42D4701B}.Release|Any CPU.Build.0 = Release|Any CPU
		{42DA45CB-A85B-48D1-B7A3-B08D42D4701B}.Release|x64.ActiveCfg = Release|Any CPU
		{42DA45CB-A85B-48D1-B7A3-B08D42D4701B}.Release|x64.Build.0 = Release|Any CPU
		{42DA45CB-A85B-48D1-B7A3-B08D42D4701B}.Release|x86.ActiveCfg = Release|Any CPU
		{42DA45CB-A85B-48D1-B7A3-B08D42D4701B}.Release|x86.Build.0 = Release|Any CPU
		{3A90E69D-2C37-48AF-8B80-B93C8D50058B}.Debug|Any CPU.ActiveCfg = Debug|Any CPU
		{3A90E69D-2C37-48AF-8B80-B93C8D50058B}.Debug|Any CPU.Build.0 = Debug|Any CPU
		{3A90E69D-2C37-48AF-8B80-B93C8D50058B}.Debug|x64.ActiveCfg = Debug|Any CPU
		{3A90E69D-2C37-48AF-8B80-B93C8D50058B}.Debug|x64.Build.0 = Debug|Any CPU
		{3A90E69D-2C37-48AF-8B80-B93C8D50058B}.Debug|x86.ActiveCfg = Debug|Any CPU
		{3A90E69D-2C37-48AF-8B80-B93C8D50058B}.Debug|x86.Build.0 = Debug|Any CPU
		{3A90E69D-2C37-48AF-8B80-B93C8D50058B}.Release|Any CPU.ActiveCfg = Release|Any CPU
		{3A90E69D-2C37-48AF-8B80-B93C8D50058B}.Release|Any CPU.Build.0 = Release|Any CPU
		{3A90E69D-2C37-48AF-8B80-B93C8D50058B}.Release|x64.ActiveCfg = Release|Any CPU
		{3A90E69D-2C37-48AF-8B80-B93C8D50058B}.Release|x64.Build.0 = Release|Any CPU
		{3A90E69D-2C37-48AF-8B80-B93C8D50058B}.Release|x86.ActiveCfg = Release|Any CPU
		{3A90E69D-2C37-48AF-8B80-B93C8D50058B}.Release|x86.Build.0 = Release|Any CPU
		{455A48C4-DEA2-40D3-9DCB-F88C076A5152}.Debug|Any CPU.ActiveCfg = Debug|Any CPU
		{455A48C4-DEA2-40D3-9DCB-F88C076A5152}.Debug|Any CPU.Build.0 = Debug|Any CPU
		{455A48C4-DEA2-40D3-9DCB-F88C076A5152}.Debug|x64.ActiveCfg = Debug|Any CPU
		{455A48C4-DEA2-40D3-9DCB-F88C076A5152}.Debug|x64.Build.0 = Debug|Any CPU
		{455A48C4-DEA2-40D3-9DCB-F88C076A5152}.Debug|x86.ActiveCfg = Debug|Any CPU
		{455A48C4-DEA2-40D3-9DCB-F88C076A5152}.Debug|x86.Build.0 = Debug|Any CPU
		{455A48C4-DEA2-40D3-9DCB-F88C076A5152}.Release|Any CPU.ActiveCfg = Release|Any CPU
		{455A48C4-DEA2-40D3-9DCB-F88C076A5152}.Release|Any CPU.Build.0 = Release|Any CPU
		{455A48C4-DEA2-40D3-9DCB-F88C076A5152}.Release|x64.ActiveCfg = Release|Any CPU
		{455A48C4-DEA2-40D3-9DCB-F88C076A5152}.Release|x64.Build.0 = Release|Any CPU
		{455A48C4-DEA2-40D3-9DCB-F88C076A5152}.Release|x86.ActiveCfg = Release|Any CPU
		{455A48C4-DEA2-40D3-9DCB-F88C076A5152}.Release|x86.Build.0 = Release|Any CPU
	EndGlobalSection
	GlobalSection(SolutionProperties) = preSolution
		HideSolutionNode = FALSE
	EndGlobalSection
	GlobalSection(ExtensibilityGlobals) = postSolution
		SolutionGuid = {BDB442BB-D4EA-49AF-A7FF-ADF9F0EADC57}
	EndGlobalSection
EndGlobal
